
Microsoft Visual Studio Solution File, Format Version 12.00
# Visual Studio Version 17
VisualStudioVersion = 17.0.31903.59
MinimumVisualStudioVersion = 10.0.40219.1
Project("{2150E333-8FDC-42A3-9474-1A3956D46DE8}") = "src", "src", "{827E0CD3-B72D-47B6-A68D-7590B98EB39B}"
EndProject
Project("{FAE04EC0-301F-11D3-BF4B-00C04F79EFBC}") = "Arturia.ShortLink.Domain", "src\Arturia.ShortLink.Domain\Arturia.ShortLink.Domain.csproj", "{89C9D33C-E377-4DCB-A4BB-5E0E0B5E2791}"
EndProject
Project("{FAE04EC0-301F-11D3-BF4B-00C04F79EFBC}") = "Arturia.ShortLink.Application", "src\Arturia.ShortLink.Application\Arturia.ShortLink.Application.csproj", "{E9AAD6BC-2750-4B9C-A298-EF1CCABC4220}"
EndProject
Project("{FAE04EC0-301F-11D3-BF4B-00C04F79EFBC}") = "Arturia.ShortLink.Infrastructure", "src\Arturia.ShortLink.Infrastructure\Arturia.ShortLink.Infrastructure.csproj", "{7680FF12-0A4F-49CF-890C-6E7BE76B6911}"
EndProject
Project("{FAE04EC0-301F-11D3-BF4B-00C04F79EFBC}") = "Arturia.ShortLink.Api", "src\Arturia.ShortLink.Api\Arturia.ShortLink.Api.csproj", "{7507B75B-6DFB-4E44-8D92-91866649B99F}"
EndProject
Project("{2150E333-8FDC-42A3-9474-1A3956D46DE8}") = "tests", "tests", "{0AB3BF05-4346-4AA6-1389-037BE0695223}"
EndProject
Project("{FAE04EC0-301F-11D3-BF4B-00C04F79EFBC}") = "Arturia.ShortLink.IntegrationTests", "tests\Arturia.ShortLink.IntegrationTests\Arturia.ShortLink.IntegrationTests.csproj", "{A96B8A88-3811-4FAA-8E5E-B2747AA6B4BB}"
EndProject
Global
	GlobalSection(SolutionConfigurationPlatforms) = preSolution
		Debug|Any CPU = Debug|Any CPU
		Debug|x64 = Debug|x64
		Debug|x86 = Debug|x86
		Release|Any CPU = Release|Any CPU
		Release|x64 = Release|x64
		Release|x86 = Release|x86
	EndGlobalSection
	GlobalSection(ProjectConfigurationPlatforms) = postSolution
		{89C9D33C-E377-4DCB-A4BB-5E0E0B5E2791}.Debug|Any CPU.ActiveCfg = Debug|Any CPU
		{89C9D33C-E377-4DCB-A4BB-5E0E0B5E2791}.Debug|Any CPU.Build.0 = Debug|Any CPU
		{89C9D33C-E377-4DCB-A4BB-5E0E0B5E2791}.Debug|x64.ActiveCfg = Debug|Any CPU
		{89C9D33C-E377-4DCB-A4BB-5E0E0B5E2791}.Debug|x64.Build.0 = Debug|Any CPU
		{89C9D33C-E377-4DCB-A4BB-5E0E0B5E2791}.Debug|x86.ActiveCfg = Debug|Any CPU
		{89C9D33C-E377-4DCB-A4BB-5E0E0B5E2791}.Debug|x86.Build.0 = Debug|Any CPU
		{89C9D33C-E377-4DCB-A4BB-5E0E0B5E2791}.Release|Any CPU.ActiveCfg = Release|Any CPU
		{89C9D33C-E377-4DCB-A4BB-5E0E0B5E2791}.Release|Any CPU.Build.0 = Release|Any CPU
		{89C9D33C-E377-4DCB-A4BB-5E0E0B5E2791}.Release|x64.ActiveCfg = Release|Any CPU
		{89C9D33C-E377-4DCB-A4BB-5E0E0B5E2791}.Release|x64.Build.0 = Release|Any CPU
		{89C9D33C-E377-4DCB-A4BB-5E0E0B5E2791}.Release|x86.ActiveCfg = Release|Any CPU
		{89C9D33C-E377-4DCB-A4BB-5E0E0B5E2791}.Release|x86.Build.0 = Release|Any CPU
		{E9AAD6BC-2750-4B9C-A298-EF1CCABC4220}.Debug|Any CPU.ActiveCfg = Debug|Any CPU
		{E9AAD6BC-2750-4B9C-A298-EF1CCABC4220}.Debug|Any CPU.Build.0 = Debug|Any CPU
		{E9AAD6BC-2750-4B9C-A298-EF1CCABC4220}.Debug|x64.ActiveCfg = Debug|Any CPU
		{E9AAD6BC-2750-4B9C-A298-EF1CCABC4220}.Debug|x64.Build.0 = Debug|Any CPU
		{E9AAD6BC-2750-4B9C-A298-EF1CCABC4220}.Debug|x86.ActiveCfg = Debug|Any CPU
		{E9AAD6BC-2750-4B9C-A298-EF1CCABC4220}.Debug|x86.Build.0 = Debug|Any CPU
		{E9AAD6BC-2750-4B9C-A298-EF1CCABC4220}.Release|Any CPU.ActiveCfg = Release|Any CPU
		{E9AAD6BC-2750-4B9C-A298-EF1CCABC4220}.Release|Any CPU.Build.0 = Release|Any CPU
		{E9AAD6BC-2750-4B9C-A298-EF1CCABC4220}.Release|x64.ActiveCfg = Release|Any CPU
		{E9AAD6BC-2750-4B9C-A298-EF1CCABC4220}.Release|x64.Build.0 = Release|Any CPU
		{E9AAD6BC-2750-4B9C-A298-EF1CCABC4220}.Release|x86.ActiveCfg = Release|Any CPU
		{E9AAD6BC-2750-4B9C-A298-EF1CCABC4220}.Release|x86.Build.0 = Release|Any CPU
		{7680FF12-0A4F-49CF-890C-6E7BE76B6911}.Debug|Any CPU.ActiveCfg = Debug|Any CPU
		{7680FF12-0A4F-49CF-890C-6E7BE76B6911}.Debug|Any CPU.Build.0 = Debug|Any CPU
		{7680FF12-0A4F-49CF-890C-6E7BE76B6911}.Debug|x64.ActiveCfg = Debug|Any CPU
		{7680FF12-0A4F-49CF-890C-6E7BE76B6911}.Debug|x64.Build.0 = Debug|Any CPU
		{7680FF12-0A4F-49CF-890C-6E7BE76B6911}.Debug|x86.ActiveCfg = Debug|Any CPU
		{7680FF12-0A4F-49CF-890C-6E7BE76B6911}.Debug|x86.Build.0 = Debug|Any CPU
		{7680FF12-0A4F-49CF-890C-6E7BE76B6911}.Release|Any CPU.ActiveCfg = Release|Any CPU
		{7680FF12-0A4F-49CF-890C-6E7BE76B6911}.Release|Any CPU.Build.0 = Release|Any CPU
		{7680FF12-0A4F-49CF-890C-6E7BE76B6911}.Release|x64.ActiveCfg = Release|Any CPU
		{7680FF12-0A4F-49CF-890C-6E7BE76B6911}.Release|x64.Build.0 = Release|Any CPU
		{7680FF12-0A4F-49CF-890C-6E7BE76B6911}.Release|x86.ActiveCfg = Release|Any CPU
		{7680FF12-0A4F-49CF-890C-6E7BE76B6911}.Release|x86.Build.0 = Release|Any CPU
		{7507B75B-6DFB-4E44-8D92-91866649B99F}.Debug|Any CPU.ActiveCfg = Debug|Any CPU
		{7507B75B-6DFB-4E44-8D92-91866649B99F}.Debug|Any CPU.Build.0 = Debug|Any CPU
		{7507B75B-6DFB-4E44-8D92-91866649B99F}.Debug|x64.ActiveCfg = Debug|Any CPU
		{7507B75B-6DFB-4E44-8D92-91866649B99F}.Debug|x64.Build.0 = Debug|Any CPU
		{7507B75B-6DFB-4E44-8D92-91866649B99F}.Debug|x86.ActiveCfg = Debug|Any CPU
		{7507B75B-6DFB-4E44-8D92-91866649B99F}.Debug|x86.Build.0 = Debug|Any CPU
		{7507B75B-6DFB-4E44-8D92-91866649B99F}.Release|Any CPU.ActiveCfg = Release|Any CPU
		{7507B75B-6DFB-4E44-8D92-91866649B99F}.Release|Any CPU.Build.0 = Release|Any CPU
		{7507B75B-6DFB-4E44-8D92-91866649B99F}.Release|x64.ActiveCfg = Release|Any CPU
		{7507B75B-6DFB-4E44-8D92-91866649B99F}.Release|x64.Build.0 = Release|Any CPU
		{7507B75B-6DFB-4E44-8D92-91866649B99F}.Release|x86.ActiveCfg = Release|Any CPU
		{7507B75B-6DFB-4E44-8D92-91866649B99F}.Release|x86.Build.0 = Release|Any CPU
		{A96B8A88-3811-4FAA-8E5E-B2747AA6B4BB}.Debug|Any CPU.ActiveCfg = Debug|Any CPU
		{A96B8A88-3811-4FAA-8E5E-B2747AA6B4BB}.Debug|Any CPU.Build.0 = Debug|Any CPU
		{A96B8A88-3811-4FAA-8E5E-B2747AA6B4BB}.Debug|x64.ActiveCfg = Debug|Any CPU
		{A96B8A88-3811-4FAA-8E5E-B2747AA6B4BB}.Debug|x64.Build.0 = Debug|Any CPU
		{A96B8A88-3811-4FAA-8E5E-B2747AA6B4BB}.Debug|x86.ActiveCfg = Debug|Any CPU
		{A96B8A88-3811-4FAA-8E5E-B2747AA6B4BB}.Debug|x86.Build.0 = Debug|Any CPU
		{A96B8A88-3811-4FAA-8E5E-B2747AA6B4BB}.Release|Any CPU.ActiveCfg = Release|Any CPU
		{A96B8A88-3811-4FAA-8E5E-B2747AA6B4BB}.Release|Any CPU.Build.0 = Release|Any CPU
		{A96B8A88-3811-4FAA-8E5E-B2747AA6B4BB}.Release|x64.ActiveCfg = Release|Any CPU
		{A96B8A88-3811-4FAA-8E5E-B2747AA6B4BB}.Release|x64.Build.0 = Release|Any CPU
		{A96B8A88-3811-4FAA-8E5E-B2747AA6B4BB}.Release|x86.ActiveCfg = Release|Any CPU
		{A96B8A88-3811-4FAA-8E5E-B2747AA6B4BB}.Release|x86.Build.0 = Release|Any CPU
	EndGlobalSection
	GlobalSection(SolutionProperties) = preSolution
		HideSolutionNode = FALSE
	EndGlobalSection
	GlobalSection(NestedProjects) = preSolution
		{89C9D33C-E377-4DCB-A4BB-5E0E0B5E2791} = {827E0CD3-B72D-47B6-A68D-7590B98EB39B}
		{E9AAD6BC-2750-4B9C-A298-EF1CCABC4220} = {827E0CD3-B72D-47B6-A68D-7590B98EB39B}
		{7680FF12-0A4F-49CF-890C-6E7BE76B6911} = {827E0CD3-B72D-47B6-A68D-7590B98EB39B}
		{7507B75B-6DFB-4E44-8D92-91866649B99F} = {827E0CD3-B72D-47B6-A68D-7590B98EB39B}
		{A96B8A88-3811-4FAA-8E5E-B2747AA6B4BB} = {0AB3BF05-4346-4AA6-1389-037BE0695223}
	EndGlobalSection
EndGlobal
